Microsoft Visual Studio Solution File, Format Version 12.00
# Visual Studio Version 17
VisualStudioVersion = 17.5.2.0
MinimumVisualStudioVersion = 10.0.40219.1
Project("{FAE04EC0-301F-11D3-BF4B-00C04F79EFBC}") = "HostMonitor", "HostMonitor\HostMonitor.csproj", "{F3756BAC-C9D5-8160-B446-35F63C2CBF11}"
EndProject
Global
	GlobalSection(SolutionConfigurationPlatforms) = preSolution
		Debug|Any CPU = Debug|Any CPU
		Release|Any CPU = Release|Any CPU
	EndGlobalSection
	GlobalSection(ProjectConfigurationPlatforms) = postSolution
		{F3756BAC-C9D5-8160-B446-35F63C2CBF11}.Debug|Any CPU.ActiveCfg = Debug|Any CPU
		{F3756BAC-C9D5-8160-B446-35F63C2CBF11}.Debug|Any CPU.Build.0 = Debug|Any CPU
		{F3756BAC-C9D5-8160-B446-35F63C2CBF11}.Release|Any CPU.ActiveCfg = Release|Any CPU
		{F3756BAC-C9D5-8160-B446-35F63C2CBF11}.Release|Any CPU.Build.0 = Release|Any CPU
	EndGlobalSection
	GlobalSection(SolutionProperties) = preSolution
		HideSolutionNode = FALSE
	EndGlobalSection
	GlobalSection(ExtensibilityGlobals) = postSolution
		SolutionGuid = {65BDF20B-7312-4187-BE32-E2ACEE8AB75E}
	EndGlobalSection
EndGlobal
